
Microsoft Visual Studio Solution File, Format Version 12.00
# Visual Studio Version 16
VisualStudioVersion = 16.0.30320.27
MinimumVisualStudioVersion = 10.0.40219.1
Project("{9A19103F-16F7-4668-BE54-9A1E7A4F7556}") = "01.BooksTotalPrice", "01.BooksTotalPrice\01.BooksTotalPrice.csproj", "{B464D166-D9D8-44C5-8C5E-4A5A4E250996}"
EndProject
Project("{9A19103F-16F7-4668-BE54-9A1E7A4F7556}") = "02.CalculateSum", "02.CalculateSum\02.CalculateSum.csproj", "{1E7B3665-1187-4895-9C9B-1AA5B1AED6FE}"
EndProject
Project("{9A19103F-16F7-4668-BE54-9A1E7A4F7556}") = "03.Triangle", "Triangle\03.Triangle.csproj", "{0CE7CE1E-FFAE-437F-B460-95CBDE7DE2B7}"
EndProject
Project("{9A19103F-16F7-4668-BE54-9A1E7A4F7556}") = "04.TemperatureConverter", "TemperatureConverter\04.TemperatureConverter.csproj", "{3AA0F4F3-6DDF-461B-86E8-3FFB0FA02088}"
EndProject
Project("{9A19103F-16F7-4668-BE54-9A1E7A4F7556}") = "05.PeriodBetweenTwoMonths", "05.PeriodBetweenTwoMonths\05.PeriodBetweenTwoMonths.csproj", "{6A526A7B-1AC4-4DFF-AE1F-002E35FB15CA}"
EndProject
Project("{9A19103F-16F7-4668-BE54-9A1E7A4F7556}") = "06.DataValidation", "06.DataValidator\06.DataValidation.csproj", "{343C907B-B3CE-4509-BB5C-A605AFD4DF0E}"
EndProject
Project("{9A19103F-16F7-4668-BE54-9A1E7A4F7556}") = "07.SortingEngine", "07.SortingEngine\07.SortingEngine.csproj", "{36C9B6F0-E8A7-4AC7-B182-6F2193D33CC0}"
EndProject
Project("{FAE04EC0-301F-11D3-BF4B-00C04F79EFBC}") = "08.CountFrequency", "08.CountFrequency\08.CountFrequency.csproj", "{47BBC17C-CA99-4F92-A3BE-2EDB9CD60666}"
EndProject
Project("{FAE04EC0-301F-11D3-BF4B-00C04F79EFBC}") = "09.NumberNeighbors", "NumberNeighbors\09.NumberNeighbors.csproj", "{D2F4C368-6A76-4A17-820D-74DAB9518EDC}"
EndProject
Project("{FAE04EC0-301F-11D3-BF4B-00C04F79EFBC}") = "10.Factorial", "10.Factorial\10.Factorial.csproj", "{7B10D1A5-2C04-4226-9BF8-CA414A4F1C17}"
EndProject
Global
	GlobalSection(SolutionConfigurationPlatforms) = preSolution
		Debug|Any CPU = Debug|Any CPU
		Release|Any CPU = Release|Any CPU
	EndGlobalSection
	GlobalSection(ProjectConfigurationPlatforms) = postSolution
		{B464D166-D9D8-44C5-8C5E-4A5A4E250996}.Debug|Any CPU.ActiveCfg = Debug|Any CPU
		{B464D166-D9D8-44C5-8C5E-4A5A4E250996}.Debug|Any CPU.Build.0 = Debug|Any CPU
		{B464D166-D9D8-44C5-8C5E-4A5A4E250996}.Release|Any CPU.ActiveCfg = Release|Any CPU
		{B464D166-D9D8-44C5-8C5E-4A5A4E250996}.Release|Any CPU.Build.0 = Release|Any CPU
		{1E7B3665-1187-4895-9C9B-1AA5B1AED6FE}.Debug|Any CPU.ActiveCfg = Debug|Any CPU
		{1E7B3665-1187-4895-9C9B-1AA5B1AED6FE}.Debug|Any CPU.Build.0 = Debug|Any CPU
		{1E7B3665-1187-4895-9C9B-1AA5B1AED6FE}.Release|Any CPU.ActiveCfg = Release|Any CPU
		{1E7B3665-1187-4895-9C9B-1AA5B1AED6FE}.Release|Any CPU.Build.0 = Release|Any CPU
		{0CE7CE1E-FFAE-437F-B460-95CBDE7DE2B7}.Debug|Any CPU.ActiveCfg = Debug|Any CPU
		{0CE7CE1E-FFAE-437F-B460-95CBDE7DE2B7}.Debug|Any CPU.Build.0 = Debug|Any CPU
		{0CE7CE1E-FFAE-437F-B460-95CBDE7DE2B7}.Release|Any CPU.ActiveCfg = Release|Any CPU
		{0CE7CE1E-FFAE-437F-B460-95CBDE7DE2B7}.Release|Any CPU.Build.0 = Release|Any CPU
		{3AA0F4F3-6DDF-461B-86E8-3FFB0FA02088}.Debug|Any CPU.ActiveCfg = Debug|Any CPU
		{3AA0F4F3-6DDF-461B-86E8-3FFB0FA02088}.Debug|Any CPU.Build.0 = Debug|Any CPU
		{3AA0F4F3-6DDF-461B-86E8-3FFB0FA02088}.Release|Any CPU.ActiveCfg = Release|Any CPU
		{3AA0F4F3-6DDF-461B-86E8-3FFB0FA02088}.Release|Any CPU.Build.0 = Release|Any CPU
		{6A526A7B-1AC4-4DFF-AE1F-002E35FB15CA}.Debug|Any CPU.ActiveCfg = Debug|Any CPU
		{6A526A7B-1AC4-4DFF-AE1F-002E35FB15CA}.Debug|Any CPU.Build.0 = Debug|Any CPU
		{6A526A7B-1AC4-4DFF-AE1F-002E35FB15CA}.Release|Any CPU.ActiveCfg = Release|Any CPU
		{6A526A7B-1AC4-4DFF-AE1F-002E35FB15CA}.Release|Any CPU.Build.0 = Release|Any CPU
		{343C907B-B3CE-4509-BB5C-A605AFD4DF0E}.Debug|Any CPU.ActiveCfg = Debug|Any CPU
		{343C907B-B3CE-4509-BB5C-A605AFD4DF0E}.Debug|Any CPU.Build.0 = Debug|Any CPU
		{343C907B-B3CE-4509-BB5C-A605AFD4DF0E}.Release|Any CPU.ActiveCfg = Release|Any CPU
		{343C907B-B3CE-4509-BB5C-A605AFD4DF0E}.Release|Any CPU.Build.0 = Release|Any CPU
		{36C9B6F0-E8A7-4AC7-B182-6F2193D33CC0}.Debug|Any CPU.ActiveCfg = Debug|Any CPU
		{36C9B6F0-E8A7-4AC7-B182-6F2193D33CC0}.Debug|Any CPU.Build.0 = Debug|Any CPU
		{36C9B6F0-E8A7-4AC7-B182-6F2193D33CC0}.Release|Any CPU.ActiveCfg = Release|Any CPU
		{36C9B6F0-E8A7-4AC7-B182-6F2193D33CC0}.Release|Any CPU.Build.0 = Release|Any CPU
		{47BBC17C-CA99-4F92-A3BE-2EDB9CD60666}.Debug|Any CPU.ActiveCfg = Debug|Any CPU
		{47BBC17C-CA99-4F92-A3BE-2EDB9CD60666}.Debug|Any CPU.Build.0 = Debug|Any CPU
		{47BBC17C-CA99-4F92-A3BE-2EDB9CD60666}.Release|Any CPU.ActiveCfg = Release|Any CPU
		{47BBC17C-CA99-4F92-A3BE-2EDB9CD60666}.Release|Any CPU.Build.0 = Release|Any CPU
		{D2F4C368-6A76-4A17-820D-74DAB9518EDC}.Debug|Any CPU.ActiveCfg = Debug|Any CPU
		{D2F4C368-6A76-4A17-820D-74DAB9518EDC}.Debug|Any CPU.Build.0 = Debug|Any CPU
		{D2F4C368-6A76-4A17-820D-74DAB9518EDC}.Release|Any CPU.ActiveCfg = Release|Any CPU
		{D2F4C368-6A76-4A17-820D-74DAB9518EDC}.Release|Any CPU.Build.0 = Release|Any CPU
		{7B10D1A5-2C04-4226-9BF8-CA414A4F1C17}.Debug|Any CPU.ActiveCfg = Debug|Any CPU
		{7B10D1A5-2C04-4226-9BF8-CA414A4F1C17}.Debug|Any CPU.Build.0 = Debug|Any CPU
		{7B10D1A5-2C04-4226-9BF8-CA414A4F1C17}.Release|Any CPU.ActiveCfg = Release|Any CPU
		{7B10D1A5-2C04-4226-9BF8-CA414A4F1C17}.Release|Any CPU.Build.0 = Release|Any CPU
	EndGlobalSection
	GlobalSection(SolutionProperties) = preSolution
		HideSolutionNode = FALSE
	EndGlobalSection
	GlobalSection(ExtensibilityGlobals) = postSolution
		SolutionGuid = {278C2AF0-D438-4D56-BEC7-5B67F821A3D4}
	EndGlobalSection
EndGlobal
