
Microsoft Visual Studio Solution File, Format Version 12.00
# Visual Studio Version 16
VisualStudioVersion = 16.0.30320.27
MinimumVisualStudioVersion = 10.0.40219.1
Project("{FAE04EC0-301F-11D3-BF4B-00C04F79EFBC}") = "01.TextFileException", "01.TextFileException\01.TextFileException.csproj", "{C3E6AD7A-FC05-40FE-92B4-A4DF5AB2789F}"
EndProject
Project("{FAE04EC0-301F-11D3-BF4B-00C04F79EFBC}") = "02.Try-Finally", "02.Try-Finally\02.Try-Finally.csproj", "{FD9CA84A-7CCD-4EEE-B27A-94CBDC802349}"
EndProject
Project("{FAE04EC0-301F-11D3-BF4B-00C04F79EFBC}") = "03.SquareRoot", "03.IDisposable\03.SquareRoot.csproj", "{28276E2E-19F2-4115-BE10-79EAF9719A2B}"
EndProject
Global
	GlobalSection(SolutionConfigurationPlatforms) = preSolution
		Debug|Any CPU = Debug|Any CPU
		Release|Any CPU = Release|Any CPU
	EndGlobalSection
	GlobalSection(ProjectConfigurationPlatforms) = postSolution
		{C3E6AD7A-FC05-40FE-92B4-A4DF5AB2789F}.Debug|Any CPU.ActiveCfg = Debug|Any CPU
		{C3E6AD7A-FC05-40FE-92B4-A4DF5AB2789F}.Debug|Any CPU.Build.0 = Debug|Any CPU
		{C3E6AD7A-FC05-40FE-92B4-A4DF5AB2789F}.Release|Any CPU.ActiveCfg = Release|Any CPU
		{C3E6AD7A-FC05-40FE-92B4-A4DF5AB2789F}.Release|Any CPU.Build.0 = Release|Any CPU
		{FD9CA84A-7CCD-4EEE-B27A-94CBDC802349}.Debug|Any CPU.ActiveCfg = Debug|Any CPU
		{FD9CA84A-7CCD-4EEE-B27A-94CBDC802349}.Debug|Any CPU.Build.0 = Debug|Any CPU
		{FD9CA84A-7CCD-4EEE-B27A-94CBDC802349}.Release|Any CPU.ActiveCfg = Release|Any CPU
		{FD9CA84A-7CCD-4EEE-B27A-94CBDC802349}.Release|Any CPU.Build.0 = Release|Any CPU
		{28276E2E-19F2-4115-BE10-79EAF9719A2B}.Debug|Any CPU.ActiveCfg = Debug|Any CPU
		{28276E2E-19F2-4115-BE10-79EAF9719A2B}.Debug|Any CPU.Build.0 = Debug|Any CPU
		{28276E2E-19F2-4115-BE10-79EAF9719A2B}.Release|Any CPU.ActiveCfg = Release|Any CPU
		{28276E2E-19F2-4115-BE10-79EAF9719A2B}.Release|Any CPU.Build.0 = Release|Any CPU
	EndGlobalSection
	GlobalSection(SolutionProperties) = preSolution
		HideSolutionNode = FALSE
	EndGlobalSection
	GlobalSection(ExtensibilityGlobals) = postSolution
		SolutionGuid = {CEBA38CF-A1BB-4223-98E5-1F80828CA266}
	EndGlobalSection
EndGlobal
